
Microsoft Visual Studio Solution File, Format Version 12.00
# Visual Studio 15
VisualStudioVersion = 15.0.28010.2048
MinimumVisualStudioVersion = 10.0.40219.1
Project("{9A19103F-16F7-4668-BE54-9A1E7A4F7556}") = "FractionsLibrary", "FractionsLibrary\FractionsLibrary.csproj", "{159BD509-026F-4FB2-B51D-0C92E7F786B4}"
EndProject
Project("{FAE04EC0-301F-11D3-BF4B-00C04F79EFBC}") = "UnitTest", "UnitTestProject1\UnitTest.csproj", "{4DA83053-91A8-45A7-BC01-D929B3A5FE01}"
EndProject
Global
	GlobalSection(SolutionConfigurationPlatforms) = preSolution
		Debug|Any CPU = Debug|Any CPU
		Release|Any CPU = Release|Any CPU
	EndGlobalSection
	GlobalSection(ProjectConfigurationPlatforms) = postSolution
		{159BD509-026F-4FB2-B51D-0C92E7F786B4}.Debug|Any CPU.ActiveCfg = Debug|Any CPU
		{159BD509-026F-4FB2-B51D-0C92E7F786B4}.Debug|Any CPU.Build.0 = Debug|Any CPU
		{159BD509-026F-4FB2-B51D-0C92E7F786B4}.Release|Any CPU.ActiveCfg = Release|Any CPU
		{159BD509-026F-4FB2-B51D-0C92E7F786B4}.Release|Any CPU.Build.0 = Release|Any CPU
		{4DA83053-91A8-45A7-BC01-D929B3A5FE01}.Debug|Any CPU.ActiveCfg = Debug|Any CPU
		{4DA83053-91A8-45A7-BC01-D929B3A5FE01}.Debug|Any CPU.Build.0 = Debug|Any CPU
		{4DA83053-91A8-45A7-BC01-D929B3A5FE01}.Release|Any CPU.ActiveCfg = Release|Any CPU
		{4DA83053-91A8-45A7-BC01-D929B3A5FE01}.Release|Any CPU.Build.0 = Release|Any CPU
	EndGlobalSection
	GlobalSection(SolutionProperties) = preSolution
		HideSolutionNode = FALSE
	EndGlobalSection
	GlobalSection(ExtensibilityGlobals) = postSolution
		SolutionGuid = {40956B92-30E2-41D8-B7D1-9F66FB9B1E5D}
	EndGlobalSection
EndGlobal
